// !$*UTF8*$!
{
	archiveVersion = 1;
	classes = {
	};
	objectVersion = 46;
	objects = {

/* Begin PBXBuildFile section */
		C4079A281DFE9E3D000D6DC1 /* AppDelegate.swift in Sources */ = {isa = PBXBuildFile; fileRef = C4079A271DFE9E3D000D6DC1 /* AppDelegate.swift */; };
		C4079A2D1DFE9E3D000D6DC1 /* Main.storyboard in Resources */ = {isa = PBXBuildFile; fileRef = C4079A2B1DFE9E3D000D6DC1 /* Main.storyboard */; };
		C4079A2F1DFE9E3D000D6DC1 /* Assets.xcassets in Resources */ = {isa = PBXBuildFile; fileRef = C4079A2E1DFE9E3D000D6DC1 /* Assets.xcassets */; };
		C4079A321DFE9E3D000D6DC1 /* LaunchScreen.storyboard in Resources */ = {isa = PBXBuildFile; fileRef = C4079A301DFE9E3D000D6DC1 /* LaunchScreen.storyboard */; };
		C4079A3A1DFE9E85000D6DC1 /* BookViewController.swift in Sources */ = {isa = PBXBuildFile; fileRef = C4079A391DFE9E85000D6DC1 /* BookViewController.swift */; };
		C4079A3C1DFE9EBF000D6DC1 /* BookTitleCell.swift in Sources */ = {isa = PBXBuildFile; fileRef = C4079A3B1DFE9EBF000D6DC1 /* BookTitleCell.swift */; };
		C4079A3E1DFE9F2D000D6DC1 /* data.json in Resources */ = {isa = PBXBuildFile; fileRef = C4079A3D1DFE9F2D000D6DC1 /* data.json */; };
/* End PBXBuildFile section */

/* Begin PBXFileReference section */
		C4079A241DFE9E3D000D6DC1 /* LearnSwiftLanguage.app */ = {isa = PBXFileReference; explicitFileType = wrapper.application; includeInIndex = 0; path = LearnSwiftLanguage.app; sourceTree = BUILT_PRODUCTS_DIR; };
		C4079A271DFE9E3D000D6DC1 /* AppDelegate.swift */ = {isa = PBXFileReference; lastKnownFileType = sourcecode.swift; path = AppDelegate.swift; sourceTree = "<group>"; };
		C4079A2C1DFE9E3D000D6DC1 /* Base */ = {isa = PBXFileReference; lastKnownFileType = file.storyboard; name = Base; path = Base.lproj/Main.storyboard; sourceTree = "<group>"; };
		C4079A2E1DFE9E3D000D6DC1 /* Assets.xcassets */ = {isa = PBXFileReference; lastKnownFileType = folder.assetcatalog; path = Assets.xcassets; sourceTree = "<group>"; };
		C4079A311DFE9E3D000D6DC1 /* Base */ = {isa = PBXFileReference; lastKnownFileType = file.storyboard; name = Base; path = Base.lproj/LaunchScreen.storyboard; sourceTree = "<group>"; };
		C4079A331DFE9E3D000D6DC1 /* Info.plist */ = {isa = PBXFileReference; lastKnownFileType = text.plist.xml; path = Info.plist; sourceTree = "<group>"; };
		C4079A391DFE9E85000D6DC1 /* BookViewController.swift */ = {isa = PBXFileReference; fileEncoding = 4; lastKnownFileType = sourcecode.swift; path = BookViewController.swift; sourceTree = "<group>"; };
		C4079A3B1DFE9EBF000D6DC1 /* BookTitleCell.swift */ = {isa = PBXFileReference; fileEncoding = 4; lastKnownFileType = sourcecode.swift; path = BookTitleCell.swift; sourceTree = "<group>"; };
		C4079A3D1DFE9F2D000D6DC1 /* data.json */ = {isa = PBXFileReference; fileEncoding = 4; lastKnownFileType = text.json; path = data.json; sourceTree = "<group>"; };
/* End PBXFileReference section */

/* Begin PBXFrameworksBuildPhase section */
		C4079A211DFE9E3D000D6DC1 /* Frameworks */ = {
			isa = PBXFrameworksBuildPhase;
			buildActionMask = 2147483647;
			files = (
			);
			runOnlyForDeploymentPostprocessing = 0;
		};
/* End PBXFrameworksBuildPhase section */

/* Begin PBXGroup section */
		C4079A1B1DFE9E3D000D6DC1 = {
			isa = PBXGroup;
			children = (
				C4079A261DFE9E3D000D6DC1 /* LearnSwiftLanguage */,
				C4079A251DFE9E3D000D6DC1 /* Products */,
			);
			sourceTree = "<group>";
		};
		C4079A251DFE9E3D000D6DC1 /* Products */ = {
			isa = PBXGroup;
			children = (
				C4079A241DFE9E3D000D6DC1 /* LearnSwiftLanguage.app */,
			);
			name = Products;
			sourceTree = "<group>";
		};
		C4079A261DFE9E3D000D6DC1 /* LearnSwiftLanguage */ = {
			isa = PBXGroup;
			children = (
				C4079A271DFE9E3D000D6DC1 /* AppDelegate.swift */,
				C4079A391DFE9E85000D6DC1 /* BookViewController.swift */,
				C4079A3B1DFE9EBF000D6DC1 /* BookTitleCell.swift */,
				C4079A3D1DFE9F2D000D6DC1 /* data.json */,
				C4079A2B1DFE9E3D000D6DC1 /* Main.storyboard */,
				C4079A2E1DFE9E3D000D6DC1 /* Assets.xcassets */,
				C4079A301DFE9E3D000D6DC1 /* LaunchScreen.storyboard */,
				C4079A331DFE9E3D000D6DC1 /* Info.plist */,
			);
			path = LearnSwiftLanguage;
			sourceTree = "<group>";
		};
/* End PBXGroup section */

/* Begin PBXNativeTarget section */
		C4079A231DFE9E3D000D6DC1 /* LearnSwiftLanguage */ = {
			isa = PBXNativeTarget;
			buildConfigurationList = C4079A361DFE9E3D000D6DC1 /* Build configuration list for PBXNativeTarget "LearnSwiftLanguage" */;
			buildPhases = (
				C4079A201DFE9E3D000D6DC1 /* Sources */,
				C4079A211DFE9E3D000D6DC1 /* Frameworks */,
				C4079A221DFE9E3D000D6DC1 /* Resources */,
			);
			buildRules = (
			);
			dependencies = (
			);
			name = LearnSwiftLanguage;
			productName = LearnSwiftLanguage;
			productReference = C4079A241DFE9E3D000D6DC1 /* LearnSwiftLanguage.app */;
			productType = "com.apple.product-type.application";
		};
/* End PBXNativeTarget section */

/* Begin PBXProject section */
		C4079A1C1DFE9E3D000D6DC1 /* Project object */ = {
			isa = PBXProject;
			attributes = {
				LastSwiftUpdateCheck = 0810;
				LastUpgradeCheck = 0810;
				ORGANIZATIONNAME = bob;
				TargetAttributes = {
					C4079A231DFE9E3D000D6DC1 = {
						CreatedOnToolsVersion = 8.1;
						ProvisioningStyle = Automatic;
					};
				};
			};
			buildConfigurationList = C4079A1F1DFE9E3D000D6DC1 /* Build configuration list for PBXProject "LearnSwiftLanguage" */;
			compatibilityVersion = "Xcode 3.2";
			developmentRegion = English;
			hasScannedForEncodings = 0;
			knownRegions = (
				en,
				Base,
			);
			mainGroup = C4079A1B1DFE9E3D000D6DC1;
			productRefGroup = C4079A251DFE9E3D000D6DC1 /* Products */;
			projectDirPath = "";
			projectRoot = "";
			targets = (
				C4079A231DFE9E3D000D6DC1 /* LearnSwiftLanguage */,
			);
		};
/* End PBXProject section */

/* Begin PBXResourcesBuildPhase section */
		C4079A221DFE9E3D000D6DC1 /* Resources */ = {
			isa = PBXResourcesBuildPhase;
			buildActionMask = 2147483647;
			files = (
				C4079A321DFE9E3D000D6DC1 /* LaunchScreen.storyboard in Resources */,
				C4079A2F1DFE9E3D000D6DC1 /* Assets.xcassets in Resources */,
				C4079A2D1DFE9E3D000D6DC1 /* Main.storyboard in Resources */,
				C4079A3E1DFE9F2D000D6DC1 /* data.json in Resources */,
			);
			runOnlyForDeploymentPostprocessing = 0;
		};
/* End PBXResourcesBuildPhase section */

/* Begin PBXSourcesBuildPhase section */
		C4079A201DFE9E3D000D6DC1 /* Sources */ = {
			isa = PBXSourcesBuildPhase;
			buildActionMask = 2147483647;
			files = (
				C4079A3C1DFE9EBF000D6DC1 /* BookTitleCell.swift in Sources */,
				C4079A3A1DFE9E85000D6DC1 /* BookViewController.swift in Sources */,
				C4079A281DFE9E3D000D6DC1 /* AppDelegate.swift in Sources */,
			);
			runOnlyForDeploymentPostprocessing = 0;
		};
/* End PBXSourcesBuildPhase section */

/* Begin PBXVariantGroup section */
		C4079A2B1DFE9E3D000D6DC1 /* Main.storyboard */ = {
			isa = PBXVariantGroup;
			children = (
				C4079A2C1DFE9E3D000D6DC1 /* Base */,
			);
			name = Main.storyboard;
			sourceTree = "<group>";
		};
		C4079A301DFE9E3D000D6DC1 /* LaunchScreen.storyboard */ = {
			isa = PBXVariantGroup;
			children = (
				C4079A311DFE9E3D000D6DC1 /* Base */,
			);
			name = LaunchScreen.storyboard;
			sourceTree = "<group>";
		};
/* End PBXVariantGroup section */

/* Begin XCBuildConfiguration section */
		C4079A341DFE9E3D000D6DC1 /* Debug */ = {
			isa = XCBuildConfiguration;
			buildSettings = {
				ALWAYS_SEARCH_USER_PATHS = NO;
				CLANG_ANALYZER_NONNULL = YES;
				CLANG_CXX_LANGUAGE_STANDARD = "gnu++0x";
				CLANG_CXX_LIBRARY = "libc++";
				CLANG_ENABLE_MODULES = YES;
				CLANG_ENABLE_OBJC_ARC = YES;
				CLANG_WARN_BOOL_CONVERSION = YES;
				CLANG_WARN_CONSTANT_CONVERSION = YES;
				CLANG_WARN_DIRECT_OBJC_ISA_USAGE = YES_ERROR;
				CLANG_WARN_DOCUMENTATION_COMMENTS = YES;
				CLANG_WARN_EMPTY_BODY = YES;
				CLANG_WARN_ENUM_CONVERSION = YES;
				CLANG_WARN_INFINITE_RECURSION = YES;
				CLANG_WARN_INT_CONVERSION = YES;
				CLANG_WARN_OBJC_ROOT_CLASS = YES_ERROR;
				CLANG_WARN_SUSPICIOUS_MOVES = YES;
				CLANG_WARN_UNREACHABLE_CODE = YES;
				CLANG_WARN__DUPLICATE_METHOD_MATCH = YES;
				"CODE_SIGN_IDENTITY[sdk=iphoneos*]" = "iPhone Developer";
				COPY_PHASE_STRIP = NO;
				DEBUG_INFORMATION_FORMAT = dwarf;
				ENABLE_STRICT_OBJC_MSGSEND = YES;
				ENABLE_TESTABILITY = YES;
				GCC_C_LANGUAGE_STANDARD = gnu99;
				GCC_DYNAMIC_NO_PIC = NO;
				GCC_NO_COMMON_BLOCKS = YES;
				GCC_OPTIMIZATION_LEVEL = 0;
				GCC_PREPROCESSOR_DEFINITIONS = (
					"DEBUG=1",
					"$(inherited)",
				);
				GCC_WARN_64_TO_32_BIT_CONVERSION = YES;
				GCC_WARN_ABOUT_RETURN_TYPE = YES_ERROR;
				GCC_WARN_UNDECLARED_SELECTOR = YES;
				GCC_WARN_UNINITIALIZED_AUTOS = YES_AGGRESSIVE;
				GCC_WARN_UNUSED_FUNCTION = YES;
				GCC_WARN_UNUSED_VARIABLE = YES;
				IPHONEOS_DEPLOYMENT_TARGET = 10.1;
				MTL_ENABLE_DEBUG_INFO = YES;
				ONLY_ACTIVE_ARCH = YES;
				SDKROOT = iphoneos;
				SWIFT_ACTIVE_COMPILATION_CONDITIONS = DEBUG;
				SWIFT_OPTIMIZATION_LEVEL = "-Onone";
				TARGETED_DEVICE_FAMILY = "1,2";
			};
			name = Debug;
		};
		C4079A351DFE9E3D000D6DC1 /* Release */ = {
			isa = XCBuildConfiguration;
			buildSettings = {
				ALWAYS_SEARCH_USER_PATHS = NO;
				CLANG_ANALYZER_NONNULL = YES;
				CLANG_CXX_LANGUAGE_STANDARD = "gnu++0x";
				CLANG_CXX_LIBRARY = "libc++";
				CLANG_ENABLE_MODULES = YES;
				CLANG_ENABLE_OBJC_ARC = YES;
				CLANG_WARN_BOOL_CONVERSION = YES;
				CLANG_WARN_CONSTANT_CONVERSION = YES;
				CLANG_WARN_DIRECT_OBJC_ISA_USAGE = YES_ERROR;
				CLANG_WARN_DOCUMENTATION_COMMENTS = YES;
				CLANG_WARN_EMPTY_BODY = YES;
				CLANG_WARN_ENUM_CONVERSION = YES;
				CLANG_WARN_INFINITE_RECURSION = YES;
				CLANG_WARN_INT_CONVERSION = YES;
				CLANG_WARN_OBJC_ROOT_CLASS = YES_ERROR;
				CLANG_WARN_SUSPICIOUS_MOVES = YES;
				CLANG_WARN_UNREACHABLE_CODE = YES;
				CLANG_WARN__DUPLICATE_METHOD_MATCH = YES;
				"CODE_SIGN_IDENTITY[sdk=iphoneos*]" = "iPhone Developer";
				COPY_PHASE_STRIP = NO;
				DEBUG_INFORMATION_FORMAT = "dwarf-with-dsym";
				ENABLE_NS_ASSERTIONS = NO;
				ENABLE_STRICT_OBJC_MSGSEND = YES;
				GCC_C_LANGUAGE_STANDARD = gnu99;
				GCC_NO_COMMON_BLOCKS = YES;
				GCC_WARN_64_TO_32_BIT_CONVERSION = YES;
				GCC_WARN_ABOUT_RETURN_TYPE = YES_ERROR;
				GCC_WARN_UNDECLARED_SELECTOR = YES;
				GCC_WARN_UNINITIALIZED_AUTOS = YES_AGGRESSIVE;
				GCC_WARN_UNUSED_FUNCTION = YES;
				GCC_WARN_UNUSED_VARIABLE = YES;
				IPHONEOS_DEPLOYMENT_TARGET = 10.1;
				MTL_ENABLE_DEBUG_INFO = NO;
				SDKROOT = iphoneos;
				SWIFT_OPTIMIZATION_LEVEL = "-Owholemodule";
				TARGETED_DEVICE_FAMILY = "1,2";
				VALIDATE_PRODUCT = YES;
			};
			name = Release;
		};
		C4079A371DFE9E3D000D6DC1 /* Debug */ = {
			isa = XCBuildConfiguration;
			buildSettings = {
				ASSETCATALOG_COMPILER_APPICON_NAME = AppIcon;
				INFOPLIST_FILE = LearnSwiftLanguage/Info.plist;
				LD_RUNPATH_SEARCH_PATHS = "$(inherited) @executable_path/Frameworks";
				PRODUCT_BUNDLE_IDENTIFIER = com.company.LearnSwiftLanguage;
				PRODUCT_NAME = "$(TARGET_NAME)";
				SWIFT_VERSION = 3.0;
			};
			name = Debug;
		};
		C4079A381DFE9E3D000D6DC1 /* Release */ = {
			isa = XCBuildConfiguration;
			buildSettings = {
				ASSETCATALOG_COMPILER_APPICON_NAME = AppIcon;
				INFOPLIST_FILE = LearnSwiftLanguage/Info.plist;
				LD_RUNPATH_SEARCH_PATHS = "$(inherited) @executable_path/Frameworks";
				PRODUCT_BUNDLE_IDENTIFIER = com.company.LearnSwiftLanguage;
				PRODUCT_NAME = "$(TARGET_NAME)";
				SWIFT_VERSION = 3.0;
			};
			name = Release;
		};
/* End XCBuildConfiguration section */

/* Begin XCConfigurationList section */
		C4079A1F1DFE9E3D000D6DC1 /* Build configuration list for PBXProject "LearnSwiftLanguage" */ = {
			isa = XCConfigurationList;
			buildConfigurations = (
				C4079A341DFE9E3D000D6DC1 /* Debug */,
				C4079A351DFE9E3D000D6DC1 /* Release */,
			);
			defaultConfigurationIsVisible = 0;
			defaultConfigurationName = Release;
		};
		C4079A361DFE9E3D000D6DC1 /* Build configuration list for PBXNativeTarget "LearnSwiftLanguage" */ = {
			isa = XCConfigurationList;
			buildConfigurations = (
				C4079A371DFE9E3D000D6DC1 /* Debug */,
				C4079A381DFE9E3D000D6DC1 /* Release */,
			);
			defaultConfigurationIsVisible = 0;
		};
/* End XCConfigurationList section */
	};
	rootObject = C4079A1C1DFE9E3D000D6DC1 /* Project object */;
}
